
Microsoft Visual Studio Solution File, Format Version 12.00
# Visual Studio Version 16
VisualStudioVersion = 16.0.810.17
MinimumVisualStudioVersion = 10.0.40219.1
Project("{FAE04EC0-301F-11D3-BF4B-00C04F79EFBC}") = "Minigame_bot", "wordle_bot\Minigame_bot.csproj", "{3834906E-BE04-457E-9169-FE54C4D50AC2}"
EndProject
Global
	GlobalSection(SolutionConfigurationPlatforms) = preSolution
		Debug|Any CPU = Debug|Any CPU
		Release|Any CPU = Release|Any CPU
	EndGlobalSection
	GlobalSection(ProjectConfigurationPlatforms) = postSolution
		{3834906E-BE04-457E-9169-FE54C4D50AC2}.Debug|Any CPU.ActiveCfg = Debug|Any CPU
		{3834906E-BE04-457E-9169-FE54C4D50AC2}.Debug|Any CPU.Build.0 = Debug|Any CPU
		{3834906E-BE04-457E-9169-FE54C4D50AC2}.Release|Any CPU.ActiveCfg = Release|Any CPU
		{3834906E-BE04-457E-9169-FE54C4D50AC2}.Release|Any CPU.Build.0 = Release|Any CPU
	EndGlobalSection
	GlobalSection(SolutionProperties) = preSolution
		HideSolutionNode = FALSE
	EndGlobalSection
	GlobalSection(ExtensibilityGlobals) = postSolution
		SolutionGuid = {C7E1B960-70B3-4829-86D9-C185508F9416}
	EndGlobalSection
EndGlobal
